
Microsoft Visual Studio Solution File, Format Version 12.00
# Visual Studio Version 17
VisualStudioVersion = 17.7.34024.191
MinimumVisualStudioVersion = 10.0.40219.1
Project("{FAE04EC0-301F-11D3-BF4B-00C04F79EFBC}") = "LogiXpense_Web", "LogiXpense_Web\LogiXpense_Web.csproj", "{BECD42A1-21C7-49E1-B834-D6E4D07AC0E6}"
EndProject
Global
	GlobalSection(SolutionConfigurationPlatforms) = preSolution
		Debug|Any CPU = Debug|Any CPU
		Release|Any CPU = Release|Any CPU
	EndGlobalSection
	GlobalSection(ProjectConfigurationPlatforms) = postSolution
		{BECD42A1-21C7-49E1-B834-D6E4D07AC0E6}.Debug|Any CPU.ActiveCfg = Debug|Any CPU
		{BECD42A1-21C7-49E1-B834-D6E4D07AC0E6}.Debug|Any CPU.Build.0 = Debug|Any CPU
		{BECD42A1-21C7-49E1-B834-D6E4D07AC0E6}.Release|Any CPU.ActiveCfg = Release|Any CPU
		{BECD42A1-21C7-49E1-B834-D6E4D07AC0E6}.Release|Any CPU.Build.0 = Release|Any CPU
	EndGlobalSection
	GlobalSection(SolutionProperties) = preSolution
		HideSolutionNode = FALSE
	EndGlobalSection
	GlobalSection(ExtensibilityGlobals) = postSolution
		SolutionGuid = {114B75E9-9545-460C-832A-BE76B16887C9}
	EndGlobalSection
EndGlobal
